
Microsoft Visual Studio Solution File, Format Version 12.00
# Visual Studio 2012
Project("{FAE04EC0-301F-11D3-BF4B-00C04F79EFBC}") = "Knowit.UmbracoDemo", "Knowit.UmbracoDemo\Knowit.UmbracoDemo.csproj", "{26DCD7FA-1BAB-442B-9FF4-64BF3F968ED8}"
EndProject
Project("{2150E333-8FDC-42A3-9474-1A3956D46DE8}") = ".nuget", ".nuget", "{1E7BFB99-C093-4D75-9B4F-3A2694591A53}"
	ProjectSection(SolutionItems) = preProject
		.nuget\NuGet.Config = .nuget\NuGet.Config
		.nuget\NuGet.exe = .nuget\NuGet.exe
		.nuget\NuGet.targets = .nuget\NuGet.targets
	EndProjectSection
EndProject
Global
	GlobalSection(SolutionConfigurationPlatforms) = preSolution
		Debug|Any CPU = Debug|Any CPU
		Release|Any CPU = Release|Any CPU
	EndGlobalSection
	GlobalSection(ProjectConfigurationPlatforms) = postSolution
		{26DCD7FA-1BAB-442B-9FF4-64BF3F968ED8}.Debug|Any CPU.ActiveCfg = Debug|Any CPU
		{26DCD7FA-1BAB-442B-9FF4-64BF3F968ED8}.Debug|Any CPU.Build.0 = Debug|Any CPU
		{26DCD7FA-1BAB-442B-9FF4-64BF3F968ED8}.Release|Any CPU.ActiveCfg = Release|Any CPU
		{26DCD7FA-1BAB-442B-9FF4-64BF3F968ED8}.Release|Any CPU.Build.0 = Release|Any CPU
	EndGlobalSection
	GlobalSection(SolutionProperties) = preSolution
		HideSolutionNode = FALSE
	EndGlobalSection
EndGlobal
